# @generated - this file is auto-generated by `mise lock` https://mise.en.dev/dev-tools/mise-lock.html

[[tools.bun]]
version = "1.3.12"
backend = "core:bun"

[tools.bun."platforms.linux-arm64"]
checksum = "sha256:c40bc0ebca11bde7d75af497a654a874d0c7fd8d6a8d6031c173c10c9064297b"
url = "https://github.com/oven-sh/bun/releases/download/bun-v1.3.12/bun-linux-aarch64.zip"

[tools.bun."platforms.linux-arm64-musl"]
checksum = "sha256:731baab945bc471c17248ea375e66f71442879d2595c54045b3e861f4e8b9ab1"
url = "https://github.com/oven-sh/bun/releases/download/bun-v1.3.12/bun-linux-aarch64-musl.zip"

[tools.bun."platforms.linux-x64"]
checksum = "sha256:11dc3ee11bc1695e149737c6ca3d5619302cf4346e6b8a6ec7988967ef01ddc5"
url = "https://github.com/oven-sh/bun/releases/download/bun-v1.3.12/bun-linux-x64.zip"

[tools.bun."platforms.linux-x64-baseline"]
checksum = "sha256:f8bb377a9ae93d44697ff91a2611164d2aedc9263415d623b0c3af24a6f55dab"
url = "https://github.com/oven-sh/bun/releases/download/bun-v1.3.12/bun-linux-x64-baseline.zip"

[tools.bun."platforms.linux-x64-musl"]
checksum = "sha256:5a9f9a2102d4bd0d5210b4f6bd345151d2310623947085177c1b306e8587dce6"
url = "https://github.com/oven-sh/bun/releases/download/bun-v1.3.12/bun-linux-x64-musl.zip"

[tools.bun."platforms.linux-x64-musl-baseline"]
checksum = "sha256:a95e079aef96f1387b86e27b69f9a6babbd08154d9a59483f29d9de285b8e3ad"
url = "https://github.com/oven-sh/bun/releases/download/bun-v1.3.12/bun-linux-x64-musl-baseline.zip"

[tools.bun."platforms.macos-arm64"]
checksum = "sha256:6c4bb87dd013ed1a8d6a16e357a3d094959fd5530b4d7061f7f3680c3c7cea1c"
url = "https://github.com/oven-sh/bun/releases/download/bun-v1.3.12/bun-darwin-aarch64.zip"

[tools.bun."platforms.macos-x64"]
checksum = "sha256:0f58c53a3e7947f1e626d2f8d285f97c14b7cadcca9c09ebafc0ae9d35b58c3d"
url = "https://github.com/oven-sh/bun/releases/download/bun-v1.3.12/bun-darwin-x64.zip"

[tools.bun."platforms.macos-x64-baseline"]
checksum = "sha256:cc4e22130c2bc2d944d3a286de08f2ed37fa74136e59760f3a4661e610246474"
url = "https://github.com/oven-sh/bun/releases/download/bun-v1.3.12/bun-darwin-x64-baseline.zip"

[tools.bun."platforms.windows-x64"]
checksum = "sha256:841ff9c5dffcaa3a2620d1e3f87ee500f32a4ca830b001cade7a3479609d4a89"
url = "https://github.com/oven-sh/bun/releases/download/bun-v1.3.12/bun-windows-x64.zip"

[tools.bun."platforms.windows-x64-baseline"]
checksum = "sha256:2d3d5f88a95943563f56f3643c8f4e2422261018f6d915329bb2fb33f7256ba2"
url = "https://github.com/oven-sh/bun/releases/download/bun-v1.3.12/bun-windows-x64-baseline.zip"

[[tools."github:gastownhall/beads"]]
version = "1.0.3"
backend = "github:gastownhall/beads"

[tools."github:gastownhall/beads"."platforms.linux-arm64"]
checksum = "sha256:243a9c75012e794888fcafb957e7624b8fefdfef033d14cd03ebc9831c3bc12f"
url = "https://github.com/gastownhall/beads/releases/download/v1.0.3/beads_1.0.3_linux_arm64.tar.gz"
url_api = "https://api.github.com/repos/gastownhall/beads/releases/assets/404909099"

[tools."github:gastownhall/beads"."platforms.linux-arm64-musl"]
checksum = "sha256:243a9c75012e794888fcafb957e7624b8fefdfef033d14cd03ebc9831c3bc12f"
url = "https://github.com/gastownhall/beads/releases/download/v1.0.3/beads_1.0.3_linux_arm64.tar.gz"
url_api = "https://api.github.com/repos/gastownhall/beads/releases/assets/404909099"

[tools."github:gastownhall/beads"."platforms.linux-x64"]
checksum = "sha256:1ef5dca818d7e81574df9e9f9fc2a16ab711da09b0fa7b822ae162d9a81c8912"
url = "https://github.com/gastownhall/beads/releases/download/v1.0.3/beads_1.0.3_linux_amd64.tar.gz"
url_api = "https://api.github.com/repos/gastownhall/beads/releases/assets/404909081"

[tools."github:gastownhall/beads"."platforms.linux-x64-baseline"]
checksum = "sha256:1ef5dca818d7e81574df9e9f9fc2a16ab711da09b0fa7b822ae162d9a81c8912"
url = "https://github.com/gastownhall/beads/releases/download/v1.0.3/beads_1.0.3_linux_amd64.tar.gz"
url_api = "https://api.github.com/repos/gastownhall/beads/releases/assets/404909081"

[tools."github:gastownhall/beads"."platforms.linux-x64-musl"]
checksum = "sha256:1ef5dca818d7e81574df9e9f9fc2a16ab711da09b0fa7b822ae162d9a81c8912"
url = "https://github.com/gastownhall/beads/releases/download/v1.0.3/beads_1.0.3_linux_amd64.tar.gz"
url_api = "https://api.github.com/repos/gastownhall/beads/releases/assets/404909081"

[tools."github:gastownhall/beads"."platforms.linux-x64-musl-baseline"]
checksum = "sha256:1ef5dca818d7e81574df9e9f9fc2a16ab711da09b0fa7b822ae162d9a81c8912"
url = "https://github.com/gastownhall/beads/releases/download/v1.0.3/beads_1.0.3_linux_amd64.tar.gz"
url_api = "https://api.github.com/repos/gastownhall/beads/releases/assets/404909081"

[tools."github:gastownhall/beads"."platforms.macos-arm64"]
checksum = "sha256:fe6e4465751f46d9f3a670c3cf656714a171e44c8bc318fe19054f513b8306ed"
url = "https://github.com/gastownhall/beads/releases/download/v1.0.3/beads_1.0.3_darwin_arm64.tar.gz"
url_api = "https://api.github.com/repos/gastownhall/beads/releases/assets/404911894"

[tools."github:gastownhall/beads"."platforms.macos-x64"]
checksum = "sha256:6bd75ac056288a5e8bbb203750e95af5a441d5ad1d20ca5511e60cd6c813e54b"
url = "https://github.com/gastownhall/beads/releases/download/v1.0.3/beads_1.0.3_darwin_amd64.tar.gz"
url_api = "https://api.github.com/repos/gastownhall/beads/releases/assets/404911938"

[tools."github:gastownhall/beads"."platforms.macos-x64-baseline"]
checksum = "sha256:6bd75ac056288a5e8bbb203750e95af5a441d5ad1d20ca5511e60cd6c813e54b"
url = "https://github.com/gastownhall/beads/releases/download/v1.0.3/beads_1.0.3_darwin_amd64.tar.gz"
url_api = "https://api.github.com/repos/gastownhall/beads/releases/assets/404911938"

[tools."github:gastownhall/beads"."platforms.windows-x64"]
checksum = "sha256:96e377419e2a127fc53fb6ba15bde20b0778e58ef267247cd7715852ee25b02a"
url = "https://github.com/gastownhall/beads/releases/download/v1.0.3/beads_1.0.3_windows_amd64.zip"
url_api = "https://api.github.com/repos/gastownhall/beads/releases/assets/404909115"

[tools."github:gastownhall/beads"."platforms.windows-x64-baseline"]
checksum = "sha256:96e377419e2a127fc53fb6ba15bde20b0778e58ef267247cd7715852ee25b02a"
url = "https://github.com/gastownhall/beads/releases/download/v1.0.3/beads_1.0.3_windows_amd64.zip"
url_api = "https://api.github.com/repos/gastownhall/beads/releases/assets/404909115"
